
Microsoft Visual Studio Solution File, Format Version 12.00
# Visual Studio Version 17
VisualStudioVersion = 17.3.32929.385
MinimumVisualStudioVersion = 10.0.40219.1
Project("{FAE04EC0-301F-11D3-BF4B-00C04F79EFBC}") = "PhoneReminderAI.Android", "PhoneReminderAI\PhoneReminderAI.Android\PhoneReminderAI.Android.csproj", "{FC1F4ADD-3F08-4019-9194-F2C4A2A9035E}"
EndProject
Project("{FAE04EC0-301F-11D3-BF4B-00C04F79EFBC}") = "PhoneReminderAI.iOS", "PhoneReminderAI\PhoneReminderAI.iOS\PhoneReminderAI.iOS.csproj", "{870778FA-BEE2-4D0F-8841-2BCD5A025C17}"
EndProject
Project("{FAE04EC0-301F-11D3-BF4B-00C04F79EFBC}") = "PhoneReminderAI", "PhoneReminderAI\PhoneReminderAI\PhoneReminderAI.csproj", "{FF878730-1639-4A29-A1FC-A8C040B38858}"
EndProject
Global
	GlobalSection(SolutionConfigurationPlatforms) = preSolution
		Debug|Any CPU = Debug|Any CPU
		Debug|iPhone = Debug|iPhone
		Debug|iPhoneSimulator = Debug|iPhoneSimulator
		Release|Any CPU = Release|Any CPU
		Release|iPhone = Release|iPhone
		Release|iPhoneSimulator = Release|iPhoneSimulator
	EndGlobalSection
	GlobalSection(ProjectConfigurationPlatforms) = postSolution
		{FC1F4ADD-3F08-4019-9194-F2C4A2A9035E}.Debug|Any CPU.ActiveCfg = Debug|Any CPU
		{FC1F4ADD-3F08-4019-9194-F2C4A2A9035E}.Debug|Any CPU.Build.0 = Debug|Any CPU
		{FC1F4ADD-3F08-4019-9194-F2C4A2A9035E}.Debug|Any CPU.Deploy.0 = Debug|Any CPU
		{FC1F4ADD-3F08-4019-9194-F2C4A2A9035E}.Debug|iPhone.ActiveCfg = Debug|Any CPU
		{FC1F4ADD-3F08-4019-9194-F2C4A2A9035E}.Debug|iPhone.Build.0 = Debug|Any CPU
		{FC1F4ADD-3F08-4019-9194-F2C4A2A9035E}.Debug|iPhone.Deploy.0 = Debug|Any CPU
		{FC1F4ADD-3F08-4019-9194-F2C4A2A9035E}.Debug|iPhoneSimulator.ActiveCfg = Debug|Any CPU
		{FC1F4ADD-3F08-4019-9194-F2C4A2A9035E}.Debug|iPhoneSimulator.Build.0 = Debug|Any CPU
		{FC1F4ADD-3F08-4019-9194-F2C4A2A9035E}.Debug|iPhoneSimulator.Deploy.0 = Debug|Any CPU
		{FC1F4ADD-3F08-4019-9194-F2C4A2A9035E}.Release|Any CPU.ActiveCfg = Release|Any CPU
		{FC1F4ADD-3F08-4019-9194-F2C4A2A9035E}.Release|Any CPU.Build.0 = Release|Any CPU
		{FC1F4ADD-3F08-4019-9194-F2C4A2A9035E}.Release|Any CPU.Deploy.0 = Release|Any CPU
		{FC1F4ADD-3F08-4019-9194-F2C4A2A9035E}.Release|iPhone.ActiveCfg = Release|Any CPU
		{FC1F4ADD-3F08-4019-9194-F2C4A2A9035E}.Release|iPhone.Build.0 = Release|Any CPU
		{FC1F4ADD-3F08-4019-9194-F2C4A2A9035E}.Release|iPhone.Deploy.0 = Release|Any CPU
		{FC1F4ADD-3F08-4019-9194-F2C4A2A9035E}.Release|iPhoneSimulator.ActiveCfg = Release|Any CPU
		{FC1F4ADD-3F08-4019-9194-F2C4A2A9035E}.Release|iPhoneSimulator.Build.0 = Release|Any CPU
		{FC1F4ADD-3F08-4019-9194-F2C4A2A9035E}.Release|iPhoneSimulator.Deploy.0 = Release|Any CPU
		{870778FA-BEE2-4D0F-8841-2BCD5A025C17}.Debug|Any CPU.ActiveCfg = Debug|iPhone
		{870778FA-BEE2-4D0F-8841-2BCD5A025C17}.Debug|Any CPU.Build.0 = Debug|iPhone
		{870778FA-BEE2-4D0F-8841-2BCD5A025C17}.Debug|Any CPU.Deploy.0 = Debug|iPhone
		{870778FA-BEE2-4D0F-8841-2BCD5A025C17}.Debug|iPhone.ActiveCfg = Debug|iPhone
		{870778FA-BEE2-4D0F-8841-2BCD5A025C17}.Debug|iPhone.Build.0 = Debug|iPhone
		{870778FA-BEE2-4D0F-8841-2BCD5A025C17}.Debug|iPhone.Deploy.0 = Debug|iPhone
		{870778FA-BEE2-4D0F-8841-2BCD5A025C17}.Debug|iPhoneSimulator.ActiveCfg = Debug|iPhoneSimulator
		{870778FA-BEE2-4D0F-8841-2BCD5A025C17}.Debug|iPhoneSimulator.Build.0 = Debug|iPhoneSimulator
		{870778FA-BEE2-4D0F-8841-2BCD5A025C17}.Debug|iPhoneSimulator.Deploy.0 = Debug|iPhoneSimulator
		{870778FA-BEE2-4D0F-8841-2BCD5A025C17}.Release|Any CPU.ActiveCfg = Release|iPhoneSimulator
		{870778FA-BEE2-4D0F-8841-2BCD5A025C17}.Release|Any CPU.Build.0 = Release|iPhoneSimulator
		{870778FA-BEE2-4D0F-8841-2BCD5A025C17}.Release|Any CPU.Deploy.0 = Release|iPhoneSimulator
		{870778FA-BEE2-4D0F-8841-2BCD5A025C17}.Release|iPhone.ActiveCfg = Release|iPhone
		{870778FA-BEE2-4D0F-8841-2BCD5A025C17}.Release|iPhone.Build.0 = Release|iPhone
		{870778FA-BEE2-4D0F-8841-2BCD5A025C17}.Release|iPhone.Deploy.0 = Release|iPhone
		{870778FA-BEE2-4D0F-8841-2BCD5A025C17}.Release|iPhoneSimulator.ActiveCfg = Release|iPhoneSimulator
		{870778FA-BEE2-4D0F-8841-2BCD5A025C17}.Release|iPhoneSimulator.Build.0 = Release|iPhoneSimulator
		{870778FA-BEE2-4D0F-8841-2BCD5A025C17}.Release|iPhoneSimulator.Deploy.0 = Release|iPhoneSimulator
		{FF878730-1639-4A29-A1FC-A8C040B38858}.Debug|Any CPU.ActiveCfg = Debug|Any CPU
		{FF878730-1639-4A29-A1FC-A8C040B38858}.Debug|Any CPU.Build.0 = Debug|Any CPU
		{FF878730-1639-4A29-A1FC-A8C040B38858}.Debug|Any CPU.Deploy.0 = Debug|Any CPU
		{FF878730-1639-4A29-A1FC-A8C040B38858}.Debug|iPhone.ActiveCfg = Debug|Any CPU
		{FF878730-1639-4A29-A1FC-A8C040B38858}.Debug|iPhone.Build.0 = Debug|Any CPU
		{FF878730-1639-4A29-A1FC-A8C040B38858}.Debug|iPhone.Deploy.0 = Debug|Any CPU
		{FF878730-1639-4A29-A1FC-A8C040B38858}.Debug|iPhoneSimulator.ActiveCfg = Debug|Any CPU
		{FF878730-1639-4A29-A1FC-A8C040B38858}.Debug|iPhoneSimulator.Build.0 = Debug|Any CPU
		{FF878730-1639-4A29-A1FC-A8C040B38858}.Debug|iPhoneSimulator.Deploy.0 = Debug|Any CPU
		{FF878730-1639-4A29-A1FC-A8C040B38858}.Release|Any CPU.ActiveCfg = Release|Any CPU
		{FF878730-1639-4A29-A1FC-A8C040B38858}.Release|Any CPU.Build.0 = Release|Any CPU
		{FF878730-1639-4A29-A1FC-A8C040B38858}.Release|Any CPU.Deploy.0 = Release|Any CPU
		{FF878730-1639-4A29-A1FC-A8C040B38858}.Release|iPhone.ActiveCfg = Release|Any CPU
		{FF878730-1639-4A29-A1FC-A8C040B38858}.Release|iPhone.Build.0 = Release|Any CPU
		{FF878730-1639-4A29-A1FC-A8C040B38858}.Release|iPhone.Deploy.0 = Release|Any CPU
		{FF878730-1639-4A29-A1FC-A8C040B38858}.Release|iPhoneSimulator.ActiveCfg = Release|Any CPU
		{FF878730-1639-4A29-A1FC-A8C040B38858}.Release|iPhoneSimulator.Build.0 = Release|Any CPU
		{FF878730-1639-4A29-A1FC-A8C040B38858}.Release|iPhoneSimulator.Deploy.0 = Release|Any CPU
	EndGlobalSection
	GlobalSection(SolutionProperties) = preSolution
		HideSolutionNode = FALSE
	EndGlobalSection
	GlobalSection(ExtensibilityGlobals) = postSolution
		SolutionGuid = {834E3B75-030B-4EDB-AB93-6C9F32103501}
	EndGlobalSection
EndGlobal
